
Microsoft Visual Studio Solution File, Format Version 12.00
# Visual Studio Version 17
VisualStudioVersion = 17.3.32929.385
MinimumVisualStudioVersion = 10.0.40219.1
Project("{FAE04EC0-301F-11D3-BF4B-00C04F79EFBC}") = "Bukit", "Bukit\Bukit.csproj", "{028B0D43-59D1-4AE1-A56C-579E776BBD96}"
EndProject
Project("{FAE04EC0-301F-11D3-BF4B-00C04F79EFBC}") = "BukitLib", "BukitLib\BukitLib.csproj", "{98E37170-D44D-46C1-8FEF-04835E8B6167}"
EndProject
Project("{FAE04EC0-301F-11D3-BF4B-00C04F79EFBC}") = "BukitTests", "BukitTests\BukitTests.csproj", "{48B0F37F-4BCA-41F2-B943-1F15D6069908}"
EndProject
Global
	GlobalSection(SolutionConfigurationPlatforms) = preSolution
		Debug|Any CPU = Debug|Any CPU
		Release|Any CPU = Release|Any CPU
	EndGlobalSection
	GlobalSection(ProjectConfigurationPlatforms) = postSolution
		{028B0D43-59D1-4AE1-A56C-579E776BBD96}.Debug|Any CPU.ActiveCfg = Debug|Any CPU
		{028B0D43-59D1-4AE1-A56C-579E776BBD96}.Debug|Any CPU.Build.0 = Debug|Any CPU
		{028B0D43-59D1-4AE1-A56C-579E776BBD96}.Release|Any CPU.ActiveCfg = Release|Any CPU
		{028B0D43-59D1-4AE1-A56C-579E776BBD96}.Release|Any CPU.Build.0 = Release|Any CPU
		{98E37170-D44D-46C1-8FEF-04835E8B6167}.Debug|Any CPU.ActiveCfg = Debug|Any CPU
		{98E37170-D44D-46C1-8FEF-04835E8B6167}.Debug|Any CPU.Build.0 = Debug|Any CPU
		{98E37170-D44D-46C1-8FEF-04835E8B6167}.Release|Any CPU.ActiveCfg = Release|Any CPU
		{98E37170-D44D-46C1-8FEF-04835E8B6167}.Release|Any CPU.Build.0 = Release|Any CPU
		{48B0F37F-4BCA-41F2-B943-1F15D6069908}.Debug|Any CPU.ActiveCfg = Debug|Any CPU
		{48B0F37F-4BCA-41F2-B943-1F15D6069908}.Debug|Any CPU.Build.0 = Debug|Any CPU
		{48B0F37F-4BCA-41F2-B943-1F15D6069908}.Release|Any CPU.ActiveCfg = Release|Any CPU
		{48B0F37F-4BCA-41F2-B943-1F15D6069908}.Release|Any CPU.Build.0 = Release|Any CPU
	EndGlobalSection
	GlobalSection(SolutionProperties) = preSolution
		HideSolutionNode = FALSE
	EndGlobalSection
	GlobalSection(ExtensibilityGlobals) = postSolution
		SolutionGuid = {3546DA26-D5A5-4816-B64F-64C5D9B6F110}
	EndGlobalSection
EndGlobal
